<?xml version="1.0" encoding="utf-8"?>
<Project ToolsVersion="4.0" xmlns="http://schemas.microsoft.com/developer/msbuild/2003">
  <ItemGroup>
    <Filter Include="Source Files">
      <UniqueIdentifier>{4FC737F1-C7A5-4376-A066-2A32D752A2FF}</UniqueIdentifier>
      <Extensions>cpp;c;cc;cxx;c++;def;odl;idl;hpj;bat;asm;asmx</Extensions>
    </Filter>
    <Filter Include="Header Files">
      <UniqueIdentifier>{93995380-89BD-4b04-88EB-625FBE52EBFB}</UniqueIdentifier>
      <Extensions>h;hh;hpp;hxx;h++;hm;inl;inc;ipp;xsd</Extensions>
    </Filter>
    <Filter Include="Resource Files">
      <UniqueIdentifier>{67DA6AB6-F800-4c08-8B7A-83BB121AAD01}</UniqueIdentifier>
      <Extensions>rc;ico;cur;bmp;dlg;rc2;rct;bin;rgs;gif;jpg;jpeg;jpe;resx;tiff;tif;png;wav;mfcribbon-ms</Extensions>
    </Filter>
    <Filter Include="Source Files\Effects">
      <UniqueIdentifier>{b546228d-7b2a-4aee-8665-dc6f9b6abf17}</UniqueIdentifier>
    </Filter>
    <Filter Include="Source Files\Effects\Functions">
      <UniqueIdentifier>{17d53ed5-d073-4828-a5c9-b52c17614d15}</UniqueIdentifier>
    </Filter>
    <Filter Include="Source Files\Effects\LineColorBySegment">
      <UniqueIdentifier>{dd2539c7-8026-4e67-82aa-0e9a870e3d58}</UniqueIdentifier>
    </Filter>
    <Filter Include="Source Files\Effects\InputLayouts">
      <UniqueIdentifier>{9d07129c-daef-47cd-b959-e116fe00f9a8}</UniqueIdentifier>
    </Filter>
    <Filter Include="Source Files\Effects\testTriangle">
      <UniqueIdentifier>{77679232-bcbf-4095-91b5-18857cf77f00}</UniqueIdentifier>
    </Filter>
    <Filter Include="Source Files\Effects\BaseClasses">
      <UniqueIdentifier>{0f38c2a5-259a-4f0c-a0a3-7fd8c6a2c221}</UniqueIdentifier>
    </Filter>
  </ItemGroup>
  <ItemGroup>
    <ClInclude Include="src\Effects\baseClasses\Effect.h">
      <Filter>Source Files\Effects\BaseClasses</Filter>
    </ClInclude>
    <ClInclude Include="src\Effects\InputLayouts\Ip_ColorPosition.h">
      <Filter>Source Files\Effects\InputLayouts</Filter>
    </ClInclude>
    <ClInclude Include="src\Effects\InputLayouts\Ip_testTriangle.h">
      <Filter>Source Files\Effects\InputLayouts</Filter>
    </ClInclude>
    <ClInclude Include="src\Effects\LineByColorSegment\LineColorBySegmentEffect.h">
      <Filter>Source Files\Effects\LineColorBySegment</Filter>
    </ClInclude>
    <ClInclude Include="src\Bounds.h">
      <Filter>Source Files</Filter>
    </ClInclude>
    <ClInclude Include="src\BoxMath.h">
      <Filter>Source Files</Filter>
    </ClInclude>
    <ClInclude Include="src\capi.h">
      <Filter>Source Files</Filter>
    </ClInclude>
    <ClInclude Include="src\Color.h">
      <Filter>Source Files</Filter>
    </ClInclude>
    <ClInclude Include="src\Defs.h">
      <Filter>Source Files</Filter>
    </ClInclude>
    <ClInclude Include="src\DxManager.h">
      <Filter>Source Files</Filter>
    </ClInclude>
    <ClInclude Include="src\IO.h">
      <Filter>Source Files</Filter>
    </ClInclude>
    <ClInclude Include="src\Line.h">
      <Filter>Source Files</Filter>
    </ClInclude>
    <ClInclude Include="src\LinePoint.h">
      <Filter>Source Files</Filter>
    </ClInclude>
    <ClInclude Include="src\Point.h">
      <Filter>Source Files</Filter>
    </ClInclude>
    <ClInclude Include="src\Renderer.h">
      <Filter>Source Files</Filter>
    </ClInclude>
    <ClInclude Include="src\TwoDMatrix.h">
      <Filter>Source Files</Filter>
    </ClInclude>
    <ClInclude Include="src\Effects\TestTriangle\TriangleTestEffect.h">
      <Filter>Source Files\Effects\testTriangle</Filter>
    </ClInclude>
    <ClInclude Include="src\Utils.h">
      <Filter>Source Files</Filter>
    </ClInclude>
  </ItemGroup>
  <ItemGroup>
    <ClCompile Include="src\capi.cpp">
      <Filter>Source Files</Filter>
    </ClCompile>
    <ClCompile Include="src\DxManager.cpp">
      <Filter>Source Files</Filter>
    </ClCompile>
    <ClCompile Include="src\IO.cpp">
      <Filter>Source Files</Filter>
    </ClCompile>
    <ClCompile Include="src\Main.cpp">
      <Filter>Source Files</Filter>
    </ClCompile>
    <ClCompile Include="src\Point.cpp">
      <Filter>Source Files</Filter>
    </ClCompile>
    <ClCompile Include="src\Renderer.cpp">
      <Filter>Source Files</Filter>
    </ClCompile>
    <ClCompile Include="src\Effects\baseClasses\Effect.cpp">
      <Filter>Source Files\Effects\BaseClasses</Filter>
    </ClCompile>
    <ClCompile Include="src\Effects\TestTriangle\TriangleTestEffect.cpp">
      <Filter>Source Files\Effects\testTriangle</Filter>
    </ClCompile>
    <ClCompile Include="src\Effects\LineByColorSegment\LineColorBySegmentEffect.cpp">
      <Filter>Source Files\Effects\LineColorBySegment</Filter>
    </ClCompile>
  </ItemGroup>
  <ItemGroup>
    <None Include="src\Effects\Functions\Functions.hlsli">
      <Filter>Source Files\Effects\Functions</Filter>
    </None>
    <None Include="src\Effects\Functions\GeoFunctions.hlsli">
      <Filter>Source Files\Effects\Functions</Filter>
    </None>
    <None Include="src\Effects\TestTriangle\triangletest.hlsli">
      <Filter>Source Files\Effects\testTriangle</Filter>
    </None>
    <None Include="src\Effects\LineByColorSegment\LineColorBySegmentEffect.hlsli">
      <Filter>Source Files\Effects\LineColorBySegment</Filter>
    </None>
    <None Include="laige.licenseheader" />
  </ItemGroup>
  <ItemGroup>
    <FxCompile Include="src\Effects\TestTriangle\ps_triangletest.hlsl">
      <Filter>Source Files\Effects\testTriangle</Filter>
    </FxCompile>
    <FxCompile Include="src\Effects\TestTriangle\vs_triangletest.hlsl">
      <Filter>Source Files\Effects\testTriangle</Filter>
    </FxCompile>
    <FxCompile Include="src\Effects\LineByColorSegment\gs_LineColorBySegmentEffect.hlsl">
      <Filter>Source Files\Effects\LineColorBySegment</Filter>
    </FxCompile>
    <FxCompile Include="src\Effects\LineByColorSegment\ps_LineColorBySegmentEffect.hlsl">
      <Filter>Source Files\Effects\LineColorBySegment</Filter>
    </FxCompile>
    <FxCompile Include="src\Effects\LineByColorSegment\vs_LineColorBySegmentEffect.hlsl">
      <Filter>Source Files\Effects\LineColorBySegment</Filter>
    </FxCompile>
  </ItemGroup>
</Project>